
Microsoft Visual Studio Solution File, Format Version 12.00
# Visual Studio Version 17
VisualStudioVersion = 17.0.31903.59
MinimumVisualStudioVersion = 10.0.40219.1
Project("{FAE04EC0-301F-11D3-BF4B-00C04F79EFBC}") = "API.Clientes.Api", "API.Clientes.Api\API.Clientes.Api.csproj", "{31C3890A-1405-4DB5-A7F8-0A76DAAA6580}"
EndProject
Project("{FAE04EC0-301F-11D3-BF4B-00C04F79EFBC}") = "API.Clientes.DTOs", "API.Clientes.DTOs\API.Clientes.DTOs.csproj", "{17C399F1-B0D5-4693-826A-119E3B928BD3}"
EndProject
Project("{FAE04EC0-301F-11D3-BF4B-00C04F79EFBC}") = "API.Clientes.Repositories", "API.Clientes.Repositories\API.Clientes.Repositories.csproj", "{C1403A72-95A3-4CBA-A090-E9D61013B34C}"
EndProject
Project("{FAE04EC0-301F-11D3-BF4B-00C04F79EFBC}") = "API.Clientes.Services", "API.Clientes.Services\API.Clientes.Services.csproj", "{4E3D33C8-D213-4AD5-94FA-096538D5E49E}"
EndProject
Global
	GlobalSection(SolutionConfigurationPlatforms) = preSolution
		Debug|Any CPU = Debug|Any CPU
		Debug|x64 = Debug|x64
		Debug|x86 = Debug|x86
		Release|Any CPU = Release|Any CPU
		Release|x64 = Release|x64
		Release|x86 = Release|x86
	EndGlobalSection
	GlobalSection(ProjectConfigurationPlatforms) = postSolution
		{31C3890A-1405-4DB5-A7F8-0A76DAAA6580}.Debug|Any CPU.ActiveCfg = Debug|Any CPU
		{31C3890A-1405-4DB5-A7F8-0A76DAAA6580}.Debug|Any CPU.Build.0 = Debug|Any CPU
		{31C3890A-1405-4DB5-A7F8-0A76DAAA6580}.Debug|x64.ActiveCfg = Debug|Any CPU
		{31C3890A-1405-4DB5-A7F8-0A76DAAA6580}.Debug|x64.Build.0 = Debug|Any CPU
		{31C3890A-1405-4DB5-A7F8-0A76DAAA6580}.Debug|x86.ActiveCfg = Debug|Any CPU
		{31C3890A-1405-4DB5-A7F8-0A76DAAA6580}.Debug|x86.Build.0 = Debug|Any CPU
		{31C3890A-1405-4DB5-A7F8-0A76DAAA6580}.Release|Any CPU.ActiveCfg = Release|Any CPU
		{31C3890A-1405-4DB5-A7F8-0A76DAAA6580}.Release|Any CPU.Build.0 = Release|Any CPU
		{31C3890A-1405-4DB5-A7F8-0A76DAAA6580}.Release|x64.ActiveCfg = Release|Any CPU
		{31C3890A-1405-4DB5-A7F8-0A76DAAA6580}.Release|x64.Build.0 = Release|Any CPU
		{31C3890A-1405-4DB5-A7F8-0A76DAAA6580}.Release|x86.ActiveCfg = Release|Any CPU
		{31C3890A-1405-4DB5-A7F8-0A76DAAA6580}.Release|x86.Build.0 = Release|Any CPU
		{17C399F1-B0D5-4693-826A-119E3B928BD3}.Debug|Any CPU.ActiveCfg = Debug|Any CPU
		{17C399F1-B0D5-4693-826A-119E3B928BD3}.Debug|Any CPU.Build.0 = Debug|Any CPU
		{17C399F1-B0D5-4693-826A-119E3B928BD3}.Debug|x64.ActiveCfg = Debug|Any CPU
		{17C399F1-B0D5-4693-826A-119E3B928BD3}.Debug|x64.Build.0 = Debug|Any CPU
		{17C399F1-B0D5-4693-826A-119E3B928BD3}.Debug|x86.ActiveCfg = Debug|Any CPU
		{17C399F1-B0D5-4693-826A-119E3B928BD3}.Debug|x86.Build.0 = Debug|Any CPU
		{17C399F1-B0D5-4693-826A-119E3B928BD3}.Release|Any CPU.ActiveCfg = Release|Any CPU
		{17C399F1-B0D5-4693-826A-119E3B928BD3}.Release|Any CPU.Build.0 = Release|Any CPU
		{17C399F1-B0D5-4693-826A-119E3B928BD3}.Release|x64.ActiveCfg = Release|Any CPU
		{17C399F1-B0D5-4693-826A-119E3B928BD3}.Release|x64.Build.0 = Release|Any CPU
		{17C399F1-B0D5-4693-826A-119E3B928BD3}.Release|x86.ActiveCfg = Release|Any CPU
		{17C399F1-B0D5-4693-826A-119E3B928BD3}.Release|x86.Build.0 = Release|Any CPU
		{C1403A72-95A3-4CBA-A090-E9D61013B34C}.Debug|Any CPU.ActiveCfg = Debug|Any CPU
		{C1403A72-95A3-4CBA-A090-E9D61013B34C}.Debug|Any CPU.Build.0 = Debug|Any CPU
		{C1403A72-95A3-4CBA-A090-E9D61013B34C}.Debug|x64.ActiveCfg = Debug|Any CPU
		{C1403A72-95A3-4CBA-A090-E9D61013B34C}.Debug|x64.Build.0 = Debug|Any CPU
		{C1403A72-95A3-4CBA-A090-E9D61013B34C}.Debug|x86.ActiveCfg = Debug|Any CPU
		{C1403A72-95A3-4CBA-A090-E9D61013B34C}.Debug|x86.Build.0 = Debug|Any CPU
		{C1403A72-95A3-4CBA-A090-E9D61013B34C}.Release|Any CPU.ActiveCfg = Release|Any CPU
		{C1403A72-95A3-4CBA-A090-E9D61013B34C}.Release|Any CPU.Build.0 = Release|Any CPU
		{C1403A72-95A3-4CBA-A090-E9D61013B34C}.Release|x64.ActiveCfg = Release|Any CPU
		{C1403A72-95A3-4CBA-A090-E9D61013B34C}.Release|x64.Build.0 = Release|Any CPU
		{C1403A72-95A3-4CBA-A090-E9D61013B34C}.Release|x86.ActiveCfg = Release|Any CPU
		{C1403A72-95A3-4CBA-A090-E9D61013B34C}.Release|x86.Build.0 = Release|Any CPU
		{4E3D33C8-D213-4AD5-94FA-096538D5E49E}.Debug|Any CPU.ActiveCfg = Debug|Any CPU
		{4E3D33C8-D213-4AD5-94FA-096538D5E49E}.Debug|Any CPU.Build.0 = Debug|Any CPU
		{4E3D33C8-D213-4AD5-94FA-096538D5E49E}.Debug|x64.ActiveCfg = Debug|Any CPU
		{4E3D33C8-D213-4AD5-94FA-096538D5E49E}.Debug|x64.Build.0 = Debug|Any CPU
		{4E3D33C8-D213-4AD5-94FA-096538D5E49E}.Debug|x86.ActiveCfg = Debug|Any CPU
		{4E3D33C8-D213-4AD5-94FA-096538D5E49E}.Debug|x86.Build.0 = Debug|Any CPU
		{4E3D33C8-D213-4AD5-94FA-096538D5E49E}.Release|Any CPU.ActiveCfg = Release|Any CPU
		{4E3D33C8-D213-4AD5-94FA-096538D5E49E}.Release|Any CPU.Build.0 = Release|Any CPU
		{4E3D33C8-D213-4AD5-94FA-096538D5E49E}.Release|x64.ActiveCfg = Release|Any CPU
		{4E3D33C8-D213-4AD5-94FA-096538D5E49E}.Release|x64.Build.0 = Release|Any CPU
		{4E3D33C8-D213-4AD5-94FA-096538D5E49E}.Release|x86.ActiveCfg = Release|Any CPU
		{4E3D33C8-D213-4AD5-94FA-096538D5E49E}.Release|x86.Build.0 = Release|Any CPU
	EndGlobalSection
	GlobalSection(SolutionProperties) = preSolution
		HideSolutionNode = FALSE
	EndGlobalSection
EndGlobal
